
Microsoft Visual Studio Solution File, Format Version 12.00
# Visual Studio Version 17
VisualStudioVersion = 17.0.32014.148
MinimumVisualStudioVersion = 10.0.40219.1
Project("{2150E333-8FDC-42A3-9474-1A3956D46DE8}") = "자료구조", "자료구조", "{0A8B1006-11F2-432F-B686-33F6DEDD2176}"
EndProject
Project("{2150E333-8FDC-42A3-9474-1A3956D46DE8}") = "리스트", "리스트", "{EFA8E0C4-7814-4987-B296-CCA55DCE5CF5}"
EndProject
Project("{2150E333-8FDC-42A3-9474-1A3956D46DE8}") = "스택", "스택", "{FD021423-E618-43B9-826C-3B802686056F}"
EndProject
Project("{8BC9CEB8-8B4A-11D0-8D11-00A0C91BC942}") = "단일 연결 리스트", "자료구조\리스트\단일 연결 리스트\단일 연결 리스트.vcxproj", "{AB7E5B66-3DFB-451F-B7AF-DD5FA5F8AA11}"
EndProject
Project("{8BC9CEB8-8B4A-11D0-8D11-00A0C91BC942}") = "이중 연결 리스트", "자료구조\리스트\이중 연결 리스트\이중 연결 리스트.vcxproj", "{3816788D-D651-456B-AF27-35889D53B07C}"
EndProject
Project("{8BC9CEB8-8B4A-11D0-8D11-00A0C91BC942}") = "환형 이중 연결 리스트", "자료구조\리스트\환형 이중 연결 리스트\환형 이중 연결 리스트.vcxproj", "{D7C90879-29F2-48CE-8A63-5DF6C550A33C}"
EndProject
Project("{8BC9CEB8-8B4A-11D0-8D11-00A0C91BC942}") = "배열 스택", "자료구조\스택\배열 스택\배열 스택.vcxproj", "{EE10C0DE-0D5F-40B8-9C4F-14E884335222}"
EndProject
Project("{8BC9CEB8-8B4A-11D0-8D11-00A0C91BC942}") = "연결 리스트 스택", "자료구조\스택\연결 리스트 스택\연결 리스트 스택.vcxproj", "{21784829-4B78-4588-B97E-3C5923AE061A}"
EndProject
Project("{2150E333-8FDC-42A3-9474-1A3956D46DE8}") = "큐", "큐", "{DB64AB4F-637E-406B-A691-326587D7F084}"
	ProjectSection(SolutionItems) = preProject
		자료구조\큐\README.md = 자료구조\큐\README.md
	EndProjectSection
EndProject
Project("{8BC9CEB8-8B4A-11D0-8D11-00A0C91BC942}") = "순환 큐", "자료구조\큐\순환 큐\순환 큐.vcxproj", "{068BBAA7-C76D-48DB-BCAB-B37406DE775C}"
EndProject
Project("{8BC9CEB8-8B4A-11D0-8D11-00A0C91BC942}") = "연결 리스트 큐", "자료구조\큐\연결 리스트 큐\연결 리스트 큐.vcxproj", "{BC777264-4414-4C8A-B92B-47EC03482D9A}"
EndProject
Project("{2150E333-8FDC-42A3-9474-1A3956D46DE8}") = "트리", "트리", "{B94DA8CF-A01D-4AD0-A792-B77CEB63955E}"
EndProject
Project("{8BC9CEB8-8B4A-11D0-8D11-00A0C91BC942}") = "LCRS (Left Child Right Sibling) 트리", "자료구조\트리\LCRS (Left Child Right Sibling) 트리\LCRS (Left Child Right Sibling) 트리.vcxproj", "{99DCA64F-34B3-4E7D-9214-B5991E2599E8}"
EndProject
Project("{2150E333-8FDC-42A3-9474-1A3956D46DE8}") = "자료구조 응용 및 기타", "자료구조 응용 및 기타", "{8E3064B4-28E2-470E-B62A-33177F953820}"
EndProject
Project("{8BC9CEB8-8B4A-11D0-8D11-00A0C91BC942}") = "Recursive-Iterative 변환", "자료구조 응용 및 기타\Recursive-Iterative 변환\Recursive-Iterative 변환.vcxproj", "{FD0310C1-625B-4FFC-820A-D53E14F23AB4}"
EndProject
Project("{8BC9CEB8-8B4A-11D0-8D11-00A0C91BC942}") = "스택 계산기", "자료구조 응용 및 기타\스택 계산기\스택 계산기.vcxproj", "{493EEDDC-358E-4A3C-80F0-817C1FE64FE3}"
EndProject
Project("{8BC9CEB8-8B4A-11D0-8D11-00A0C91BC942}") = "스택 계산기_UnitTest", "자료구조 응용 및 기타\스택 계산기\스택 계산기_UnitTest\스택 계산기_UnitTest.vcxproj", "{A5AC4168-5AC1-483B-9B5A-851267431746}"
EndProject
Project("{8BC9CEB8-8B4A-11D0-8D11-00A0C91BC942}") = "이진 트리", "자료구조\트리\이진 트리\이진 트리.vcxproj", "{62FF5B04-8B60-430B-9526-7CC5294B3C66}"
EndProject
Project("{8BC9CEB8-8B4A-11D0-8D11-00A0C91BC942}") = "이진 탐색 트리", "자료구조\트리\이진 탐색 트리\이진 탐색 트리.vcxproj", "{ADDE657C-1D76-48D7-B473-97708E867326}"
EndProject
Project("{8BC9CEB8-8B4A-11D0-8D11-00A0C91BC942}") = "수식 트리 계산기", "자료구조 응용 및 기타\수식 트리 계산기\수식 트리 계산기.vcxproj", "{250CF230-9CF5-484E-B279-E3D1CAEE1800}"
EndProject
Project("{8BC9CEB8-8B4A-11D0-8D11-00A0C91BC942}") = "수식 트리 계산기_UnitTest", "자료구조 응용 및 기타\수식 트리 계산기\수식 트리 계산기_UnitTest\수식 트리 계산기_UnitTest.vcxproj", "{C3E33452-9212-4E57-BFBD-24DE5630E58C}"
EndProject
Project("{8BC9CEB8-8B4A-11D0-8D11-00A0C91BC942}") = "분리 집합", "자료구조\트리\분리 집합\분리 집합.vcxproj", "{DF01C190-3920-4CE7-835C-D221DB2E5B79}"
EndProject
Project("{2150E333-8FDC-42A3-9474-1A3956D46DE8}") = "정렬", "정렬", "{C7E9F153-ED7E-42DE-8B72-5131383945F7}"
EndProject
Project("{8BC9CEB8-8B4A-11D0-8D11-00A0C91BC942}") = "정렬", "정렬\정렬\정렬.vcxproj", "{D78589BF-BF6F-4260-9142-4C067735EDC5}"
EndProject
Project("{2150E333-8FDC-42A3-9474-1A3956D46DE8}") = "탐색", "탐색", "{0E267FF8-CBC6-4B67-AD0F-D41E981DEBA6}"
EndProject
Project("{8BC9CEB8-8B4A-11D0-8D11-00A0C91BC942}") = "탐색", "탐색\탐색\탐색.vcxproj", "{0CABCF38-9789-4BD6-8C44-49B37E7C160A}"
EndProject
Project("{2150E333-8FDC-42A3-9474-1A3956D46DE8}") = "common_lib", "common_lib", "{2F871E40-EA30-4EF0-97BC-7E383AC3AAA3}"
EndProject
Project("{8BC9CEB8-8B4A-11D0-8D11-00A0C91BC942}") = "common_lib", "common_lib\common_lib\common_lib.vcxproj", "{30E376AC-0D9B-4ADC-8A9B-E985FEA0D7C3}"
EndProject
Project("{8BC9CEB8-8B4A-11D0-8D11-00A0C91BC942}") = "Red-Black (레드-블랙) 트리", "자료구조\트리\Red-Black (레드-블랙) 트리\Red-Black (레드-블랙) 트리.vcxproj", "{05A422E0-162D-4946-B1D6-3590FACB0364}"
EndProject
Global
	GlobalSection(SolutionConfigurationPlatforms) = preSolution
		Debug|x64 = Debug|x64
		Debug|x86 = Debug|x86
		Release|x64 = Release|x64
		Release|x86 = Release|x86
	EndGlobalSection
	GlobalSection(ProjectConfigurationPlatforms) = postSolution
		{AB7E5B66-3DFB-451F-B7AF-DD5FA5F8AA11}.Debug|x64.ActiveCfg = Debug|x64
		{AB7E5B66-3DFB-451F-B7AF-DD5FA5F8AA11}.Debug|x64.Build.0 = Debug|x64
		{AB7E5B66-3DFB-451F-B7AF-DD5FA5F8AA11}.Debug|x86.ActiveCfg = Debug|Win32
		{AB7E5B66-3DFB-451F-B7AF-DD5FA5F8AA11}.Debug|x86.Build.0 = Debug|Win32
		{AB7E5B66-3DFB-451F-B7AF-DD5FA5F8AA11}.Release|x64.ActiveCfg = Release|x64
		{AB7E5B66-3DFB-451F-B7AF-DD5FA5F8AA11}.Release|x64.Build.0 = Release|x64
		{AB7E5B66-3DFB-451F-B7AF-DD5FA5F8AA11}.Release|x86.ActiveCfg = Release|Win32
		{AB7E5B66-3DFB-451F-B7AF-DD5FA5F8AA11}.Release|x86.Build.0 = Release|Win32
		{3816788D-D651-456B-AF27-35889D53B07C}.Debug|x64.ActiveCfg = Debug|x64
		{3816788D-D651-456B-AF27-35889D53B07C}.Debug|x64.Build.0 = Debug|x64
		{3816788D-D651-456B-AF27-35889D53B07C}.Debug|x86.ActiveCfg = Debug|Win32
		{3816788D-D651-456B-AF27-35889D53B07C}.Debug|x86.Build.0 = Debug|Win32
		{3816788D-D651-456B-AF27-35889D53B07C}.Release|x64.ActiveCfg = Release|x64
		{3816788D-D651-456B-AF27-35889D53B07C}.Release|x64.Build.0 = Release|x64
		{3816788D-D651-456B-AF27-35889D53B07C}.Release|x86.ActiveCfg = Release|Win32
		{3816788D-D651-456B-AF27-35889D53B07C}.Release|x86.Build.0 = Release|Win32
		{D7C90879-29F2-48CE-8A63-5DF6C550A33C}.Debug|x64.ActiveCfg = Debug|x64
		{D7C90879-29F2-48CE-8A63-5DF6C550A33C}.Debug|x64.Build.0 = Debug|x64
		{D7C90879-29F2-48CE-8A63-5DF6C550A33C}.Debug|x86.ActiveCfg = Debug|Win32
		{D7C90879-29F2-48CE-8A63-5DF6C550A33C}.Debug|x86.Build.0 = Debug|Win32
		{D7C90879-29F2-48CE-8A63-5DF6C550A33C}.Release|x64.ActiveCfg = Release|x64
		{D7C90879-29F2-48CE-8A63-5DF6C550A33C}.Release|x64.Build.0 = Release|x64
		{D7C90879-29F2-48CE-8A63-5DF6C550A33C}.Release|x86.ActiveCfg = Release|Win32
		{D7C90879-29F2-48CE-8A63-5DF6C550A33C}.Release|x86.Build.0 = Release|Win32
		{EE10C0DE-0D5F-40B8-9C4F-14E884335222}.Debug|x64.ActiveCfg = Debug|x64
		{EE10C0DE-0D5F-40B8-9C4F-14E884335222}.Debug|x64.Build.0 = Debug|x64
		{EE10C0DE-0D5F-40B8-9C4F-14E884335222}.Debug|x86.ActiveCfg = Debug|Win32
		{EE10C0DE-0D5F-40B8-9C4F-14E884335222}.Debug|x86.Build.0 = Debug|Win32
		{EE10C0DE-0D5F-40B8-9C4F-14E884335222}.Release|x64.ActiveCfg = Release|x64
		{EE10C0DE-0D5F-40B8-9C4F-14E884335222}.Release|x64.Build.0 = Release|x64
		{EE10C0DE-0D5F-40B8-9C4F-14E884335222}.Release|x86.ActiveCfg = Release|Win32
		{EE10C0DE-0D5F-40B8-9C4F-14E884335222}.Release|x86.Build.0 = Release|Win32
		{21784829-4B78-4588-B97E-3C5923AE061A}.Debug|x64.ActiveCfg = Debug|x64
		{21784829-4B78-4588-B97E-3C5923AE061A}.Debug|x64.Build.0 = Debug|x64
		{21784829-4B78-4588-B97E-3C5923AE061A}.Debug|x86.ActiveCfg = Debug|Win32
		{21784829-4B78-4588-B97E-3C5923AE061A}.Debug|x86.Build.0 = Debug|Win32
		{21784829-4B78-4588-B97E-3C5923AE061A}.Release|x64.ActiveCfg = Release|x64
		{21784829-4B78-4588-B97E-3C5923AE061A}.Release|x64.Build.0 = Release|x64
		{21784829-4B78-4588-B97E-3C5923AE061A}.Release|x86.ActiveCfg = Release|Win32
		{21784829-4B78-4588-B97E-3C5923AE061A}.Release|x86.Build.0 = Release|Win32
		{068BBAA7-C76D-48DB-BCAB-B37406DE775C}.Debug|x64.ActiveCfg = Debug|x64
		{068BBAA7-C76D-48DB-BCAB-B37406DE775C}.Debug|x64.Build.0 = Debug|x64
		{068BBAA7-C76D-48DB-BCAB-B37406DE775C}.Debug|x86.ActiveCfg = Debug|Win32
		{068BBAA7-C76D-48DB-BCAB-B37406DE775C}.Debug|x86.Build.0 = Debug|Win32
		{068BBAA7-C76D-48DB-BCAB-B37406DE775C}.Release|x64.ActiveCfg = Release|x64
		{068BBAA7-C76D-48DB-BCAB-B37406DE775C}.Release|x64.Build.0 = Release|x64
		{068BBAA7-C76D-48DB-BCAB-B37406DE775C}.Release|x86.ActiveCfg = Release|Win32
		{068BBAA7-C76D-48DB-BCAB-B37406DE775C}.Release|x86.Build.0 = Release|Win32
		{BC777264-4414-4C8A-B92B-47EC03482D9A}.Debug|x64.ActiveCfg = Debug|x64
		{BC777264-4414-4C8A-B92B-47EC03482D9A}.Debug|x64.Build.0 = Debug|x64
		{BC777264-4414-4C8A-B92B-47EC03482D9A}.Debug|x86.ActiveCfg = Debug|Win32
		{BC777264-4414-4C8A-B92B-47EC03482D9A}.Debug|x86.Build.0 = Debug|Win32
		{BC777264-4414-4C8A-B92B-47EC03482D9A}.Release|x64.ActiveCfg = Release|x64
		{BC777264-4414-4C8A-B92B-47EC03482D9A}.Release|x64.Build.0 = Release|x64
		{BC777264-4414-4C8A-B92B-47EC03482D9A}.Release|x86.ActiveCfg = Release|Win32
		{BC777264-4414-4C8A-B92B-47EC03482D9A}.Release|x86.Build.0 = Release|Win32
		{99DCA64F-34B3-4E7D-9214-B5991E2599E8}.Debug|x64.ActiveCfg = Debug|x64
		{99DCA64F-34B3-4E7D-9214-B5991E2599E8}.Debug|x64.Build.0 = Debug|x64
		{99DCA64F-34B3-4E7D-9214-B5991E2599E8}.Debug|x86.ActiveCfg = Debug|Win32
		{99DCA64F-34B3-4E7D-9214-B5991E2599E8}.Debug|x86.Build.0 = Debug|Win32
		{99DCA64F-34B3-4E7D-9214-B5991E2599E8}.Release|x64.ActiveCfg = Release|x64
		{99DCA64F-34B3-4E7D-9214-B5991E2599E8}.Release|x64.Build.0 = Release|x64
		{99DCA64F-34B3-4E7D-9214-B5991E2599E8}.Release|x86.ActiveCfg = Release|Win32
		{99DCA64F-34B3-4E7D-9214-B5991E2599E8}.Release|x86.Build.0 = Release|Win32
		{FD0310C1-625B-4FFC-820A-D53E14F23AB4}.Debug|x64.ActiveCfg = Debug|x64
		{FD0310C1-625B-4FFC-820A-D53E14F23AB4}.Debug|x64.Build.0 = Debug|x64
		{FD0310C1-625B-4FFC-820A-D53E14F23AB4}.Debug|x86.ActiveCfg = Debug|Win32
		{FD0310C1-625B-4FFC-820A-D53E14F23AB4}.Debug|x86.Build.0 = Debug|Win32
		{FD0310C1-625B-4FFC-820A-D53E14F23AB4}.Release|x64.ActiveCfg = Release|x64
		{FD0310C1-625B-4FFC-820A-D53E14F23AB4}.Release|x64.Build.0 = Release|x64
		{FD0310C1-625B-4FFC-820A-D53E14F23AB4}.Release|x86.ActiveCfg = Release|Win32
		{FD0310C1-625B-4FFC-820A-D53E14F23AB4}.Release|x86.Build.0 = Release|Win32
		{493EEDDC-358E-4A3C-80F0-817C1FE64FE3}.Debug|x64.ActiveCfg = Debug|x64
		{493EEDDC-358E-4A3C-80F0-817C1FE64FE3}.Debug|x64.Build.0 = Debug|x64
		{493EEDDC-358E-4A3C-80F0-817C1FE64FE3}.Debug|x86.ActiveCfg = Debug|Win32
		{493EEDDC-358E-4A3C-80F0-817C1FE64FE3}.Debug|x86.Build.0 = Debug|Win32
		{493EEDDC-358E-4A3C-80F0-817C1FE64FE3}.Release|x64.ActiveCfg = Release|x64
		{493EEDDC-358E-4A3C-80F0-817C1FE64FE3}.Release|x64.Build.0 = Release|x64
		{493EEDDC-358E-4A3C-80F0-817C1FE64FE3}.Release|x86.ActiveCfg = Release|Win32
		{493EEDDC-358E-4A3C-80F0-817C1FE64FE3}.Release|x86.Build.0 = Release|Win32
		{A5AC4168-5AC1-483B-9B5A-851267431746}.Debug|x64.ActiveCfg = Debug|x64
		{A5AC4168-5AC1-483B-9B5A-851267431746}.Debug|x64.Build.0 = Debug|x64
		{A5AC4168-5AC1-483B-9B5A-851267431746}.Debug|x86.ActiveCfg = Debug|Win32
		{A5AC4168-5AC1-483B-9B5A-851267431746}.Debug|x86.Build.0 = Debug|Win32
		{A5AC4168-5AC1-483B-9B5A-851267431746}.Release|x64.ActiveCfg = Release|x64
		{A5AC4168-5AC1-483B-9B5A-851267431746}.Release|x64.Build.0 = Release|x64
		{A5AC4168-5AC1-483B-9B5A-851267431746}.Release|x86.ActiveCfg = Release|Win32
		{A5AC4168-5AC1-483B-9B5A-851267431746}.Release|x86.Build.0 = Release|Win32
		{62FF5B04-8B60-430B-9526-7CC5294B3C66}.Debug|x64.ActiveCfg = Debug|x64
		{62FF5B04-8B60-430B-9526-7CC5294B3C66}.Debug|x64.Build.0 = Debug|x64
		{62FF5B04-8B60-430B-9526-7CC5294B3C66}.Debug|x86.ActiveCfg = Debug|Win32
		{62FF5B04-8B60-430B-9526-7CC5294B3C66}.Debug|x86.Build.0 = Debug|Win32
		{62FF5B04-8B60-430B-9526-7CC5294B3C66}.Release|x64.ActiveCfg = Release|x64
		{62FF5B04-8B60-430B-9526-7CC5294B3C66}.Release|x64.Build.0 = Release|x64
		{62FF5B04-8B60-430B-9526-7CC5294B3C66}.Release|x86.ActiveCfg = Release|Win32
		{62FF5B04-8B60-430B-9526-7CC5294B3C66}.Release|x86.Build.0 = Release|Win32
		{ADDE657C-1D76-48D7-B473-97708E867326}.Debug|x64.ActiveCfg = Debug|x64
		{ADDE657C-1D76-48D7-B473-97708E867326}.Debug|x64.Build.0 = Debug|x64
		{ADDE657C-1D76-48D7-B473-97708E867326}.Debug|x86.ActiveCfg = Debug|Win32
		{ADDE657C-1D76-48D7-B473-97708E867326}.Debug|x86.Build.0 = Debug|Win32
		{ADDE657C-1D76-48D7-B473-97708E867326}.Release|x64.ActiveCfg = Release|x64
		{ADDE657C-1D76-48D7-B473-97708E867326}.Release|x64.Build.0 = Release|x64
		{ADDE657C-1D76-48D7-B473-97708E867326}.Release|x86.ActiveCfg = Release|Win32
		{ADDE657C-1D76-48D7-B473-97708E867326}.Release|x86.Build.0 = Release|Win32
		{250CF230-9CF5-484E-B279-E3D1CAEE1800}.Debug|x64.ActiveCfg = Debug|x64
		{250CF230-9CF5-484E-B279-E3D1CAEE1800}.Debug|x64.Build.0 = Debug|x64
		{250CF230-9CF5-484E-B279-E3D1CAEE1800}.Debug|x86.ActiveCfg = Debug|Win32
		{250CF230-9CF5-484E-B279-E3D1CAEE1800}.Debug|x86.Build.0 = Debug|Win32
		{250CF230-9CF5-484E-B279-E3D1CAEE1800}.Release|x64.ActiveCfg = Release|x64
		{250CF230-9CF5-484E-B279-E3D1CAEE1800}.Release|x64.Build.0 = Release|x64
		{250CF230-9CF5-484E-B279-E3D1CAEE1800}.Release|x86.ActiveCfg = Release|Win32
		{250CF230-9CF5-484E-B279-E3D1CAEE1800}.Release|x86.Build.0 = Release|Win32
		{C3E33452-9212-4E57-BFBD-24DE5630E58C}.Debug|x64.ActiveCfg = Debug|x64
		{C3E33452-9212-4E57-BFBD-24DE5630E58C}.Debug|x64.Build.0 = Debug|x64
		{C3E33452-9212-4E57-BFBD-24DE5630E58C}.Debug|x86.ActiveCfg = Debug|Win32
		{C3E33452-9212-4E57-BFBD-24DE5630E58C}.Debug|x86.Build.0 = Debug|Win32
		{C3E33452-9212-4E57-BFBD-24DE5630E58C}.Release|x64.ActiveCfg = Release|x64
		{C3E33452-9212-4E57-BFBD-24DE5630E58C}.Release|x64.Build.0 = Release|x64
		{C3E33452-9212-4E57-BFBD-24DE5630E58C}.Release|x86.ActiveCfg = Release|Win32
		{C3E33452-9212-4E57-BFBD-24DE5630E58C}.Release|x86.Build.0 = Release|Win32
		{DF01C190-3920-4CE7-835C-D221DB2E5B79}.Debug|x64.ActiveCfg = Debug|x64
		{DF01C190-3920-4CE7-835C-D221DB2E5B79}.Debug|x64.Build.0 = Debug|x64
		{DF01C190-3920-4CE7-835C-D221DB2E5B79}.Debug|x86.ActiveCfg = Debug|Win32
		{DF01C190-3920-4CE7-835C-D221DB2E5B79}.Debug|x86.Build.0 = Debug|Win32
		{DF01C190-3920-4CE7-835C-D221DB2E5B79}.Release|x64.ActiveCfg = Release|x64
		{DF01C190-3920-4CE7-835C-D221DB2E5B79}.Release|x64.Build.0 = Release|x64
		{DF01C190-3920-4CE7-835C-D221DB2E5B79}.Release|x86.ActiveCfg = Release|Win32
		{DF01C190-3920-4CE7-835C-D221DB2E5B79}.Release|x86.Build.0 = Release|Win32
		{D78589BF-BF6F-4260-9142-4C067735EDC5}.Debug|x64.ActiveCfg = Debug|x64
		{D78589BF-BF6F-4260-9142-4C067735EDC5}.Debug|x64.Build.0 = Debug|x64
		{D78589BF-BF6F-4260-9142-4C067735EDC5}.Debug|x86.ActiveCfg = Debug|Win32
		{D78589BF-BF6F-4260-9142-4C067735EDC5}.Debug|x86.Build.0 = Debug|Win32
		{D78589BF-BF6F-4260-9142-4C067735EDC5}.Release|x64.ActiveCfg = Release|x64
		{D78589BF-BF6F-4260-9142-4C067735EDC5}.Release|x64.Build.0 = Release|x64
		{D78589BF-BF6F-4260-9142-4C067735EDC5}.Release|x86.ActiveCfg = Release|Win32
		{D78589BF-BF6F-4260-9142-4C067735EDC5}.Release|x86.Build.0 = Release|Win32
		{0CABCF38-9789-4BD6-8C44-49B37E7C160A}.Debug|x64.ActiveCfg = Debug|x64
		{0CABCF38-9789-4BD6-8C44-49B37E7C160A}.Debug|x64.Build.0 = Debug|x64
		{0CABCF38-9789-4BD6-8C44-49B37E7C160A}.Debug|x86.ActiveCfg = Debug|Win32
		{0CABCF38-9789-4BD6-8C44-49B37E7C160A}.Debug|x86.Build.0 = Debug|Win32
		{0CABCF38-9789-4BD6-8C44-49B37E7C160A}.Release|x64.ActiveCfg = Release|x64
		{0CABCF38-9789-4BD6-8C44-49B37E7C160A}.Release|x64.Build.0 = Release|x64
		{0CABCF38-9789-4BD6-8C44-49B37E7C160A}.Release|x86.ActiveCfg = Release|Win32
		{0CABCF38-9789-4BD6-8C44-49B37E7C160A}.Release|x86.Build.0 = Release|Win32
		{30E376AC-0D9B-4ADC-8A9B-E985FEA0D7C3}.Debug|x64.ActiveCfg = Debug|x64
		{30E376AC-0D9B-4ADC-8A9B-E985FEA0D7C3}.Debug|x64.Build.0 = Debug|x64
		{30E376AC-0D9B-4ADC-8A9B-E985FEA0D7C3}.Debug|x86.ActiveCfg = Debug|Win32
		{30E376AC-0D9B-4ADC-8A9B-E985FEA0D7C3}.Debug|x86.Build.0 = Debug|Win32
		{30E376AC-0D9B-4ADC-8A9B-E985FEA0D7C3}.Release|x64.ActiveCfg = Release|x64
		{30E376AC-0D9B-4ADC-8A9B-E985FEA0D7C3}.Release|x64.Build.0 = Release|x64
		{30E376AC-0D9B-4ADC-8A9B-E985FEA0D7C3}.Release|x86.ActiveCfg = Release|Win32
		{30E376AC-0D9B-4ADC-8A9B-E985FEA0D7C3}.Release|x86.Build.0 = Release|Win32
		{05A422E0-162D-4946-B1D6-3590FACB0364}.Debug|x64.ActiveCfg = Debug|x64
		{05A422E0-162D-4946-B1D6-3590FACB0364}.Debug|x64.Build.0 = Debug|x64
		{05A422E0-162D-4946-B1D6-3590FACB0364}.Debug|x86.ActiveCfg = Debug|Win32
		{05A422E0-162D-4946-B1D6-3590FACB0364}.Debug|x86.Build.0 = Debug|Win32
		{05A422E0-162D-4946-B1D6-3590FACB0364}.Release|x64.ActiveCfg = Release|x64
		{05A422E0-162D-4946-B1D6-3590FACB0364}.Release|x64.Build.0 = Release|x64
		{05A422E0-162D-4946-B1D6-3590FACB0364}.Release|x86.ActiveCfg = Release|Win32
		{05A422E0-162D-4946-B1D6-3590FACB0364}.Release|x86.Build.0 = Release|Win32
	EndGlobalSection
	GlobalSection(SolutionProperties) = preSolution
		HideSolutionNode = FALSE
	EndGlobalSection
	GlobalSection(NestedProjects) = preSolution
		{EFA8E0C4-7814-4987-B296-CCA55DCE5CF5} = {0A8B1006-11F2-432F-B686-33F6DEDD2176}
		{FD021423-E618-43B9-826C-3B802686056F} = {0A8B1006-11F2-432F-B686-33F6DEDD2176}
		{AB7E5B66-3DFB-451F-B7AF-DD5FA5F8AA11} = {EFA8E0C4-7814-4987-B296-CCA55DCE5CF5}
		{3816788D-D651-456B-AF27-35889D53B07C} = {EFA8E0C4-7814-4987-B296-CCA55DCE5CF5}
		{D7C90879-29F2-48CE-8A63-5DF6C550A33C} = {EFA8E0C4-7814-4987-B296-CCA55DCE5CF5}
		{EE10C0DE-0D5F-40B8-9C4F-14E884335222} = {FD021423-E618-43B9-826C-3B802686056F}
		{21784829-4B78-4588-B97E-3C5923AE061A} = {FD021423-E618-43B9-826C-3B802686056F}
		{DB64AB4F-637E-406B-A691-326587D7F084} = {0A8B1006-11F2-432F-B686-33F6DEDD2176}
		{068BBAA7-C76D-48DB-BCAB-B37406DE775C} = {DB64AB4F-637E-406B-A691-326587D7F084}
		{BC777264-4414-4C8A-B92B-47EC03482D9A} = {DB64AB4F-637E-406B-A691-326587D7F084}
		{B94DA8CF-A01D-4AD0-A792-B77CEB63955E} = {0A8B1006-11F2-432F-B686-33F6DEDD2176}
		{99DCA64F-34B3-4E7D-9214-B5991E2599E8} = {B94DA8CF-A01D-4AD0-A792-B77CEB63955E}
		{FD0310C1-625B-4FFC-820A-D53E14F23AB4} = {8E3064B4-28E2-470E-B62A-33177F953820}
		{493EEDDC-358E-4A3C-80F0-817C1FE64FE3} = {8E3064B4-28E2-470E-B62A-33177F953820}
		{A5AC4168-5AC1-483B-9B5A-851267431746} = {8E3064B4-28E2-470E-B62A-33177F953820}
		{62FF5B04-8B60-430B-9526-7CC5294B3C66} = {B94DA8CF-A01D-4AD0-A792-B77CEB63955E}
		{ADDE657C-1D76-48D7-B473-97708E867326} = {B94DA8CF-A01D-4AD0-A792-B77CEB63955E}
		{250CF230-9CF5-484E-B279-E3D1CAEE1800} = {8E3064B4-28E2-470E-B62A-33177F953820}
		{C3E33452-9212-4E57-BFBD-24DE5630E58C} = {8E3064B4-28E2-470E-B62A-33177F953820}
		{DF01C190-3920-4CE7-835C-D221DB2E5B79} = {B94DA8CF-A01D-4AD0-A792-B77CEB63955E}
		{D78589BF-BF6F-4260-9142-4C067735EDC5} = {C7E9F153-ED7E-42DE-8B72-5131383945F7}
		{0CABCF38-9789-4BD6-8C44-49B37E7C160A} = {0E267FF8-CBC6-4B67-AD0F-D41E981DEBA6}
		{30E376AC-0D9B-4ADC-8A9B-E985FEA0D7C3} = {2F871E40-EA30-4EF0-97BC-7E383AC3AAA3}
		{05A422E0-162D-4946-B1D6-3590FACB0364} = {B94DA8CF-A01D-4AD0-A792-B77CEB63955E}
	EndGlobalSection
	GlobalSection(ExtensibilityGlobals) = postSolution
		SolutionGuid = {D3CD1F56-C927-48C3-B1A1-4D96FE0343E6}
	EndGlobalSection
EndGlobal
