
Microsoft Visual Studio Solution File, Format Version 12.00
# Visual Studio Version 17
VisualStudioVersion = 17.0.32014.148
MinimumVisualStudioVersion = 10.0.40219.1
Project("{8BC9CEB8-8B4A-11D0-8D11-00A0C91BC942}") = "단일 연결 리스트", "단일 연결 리스트\단일 연결 리스트.vcxproj", "{AB7E5B66-3DFB-451F-B7AF-DD5FA5F8AA11}"
EndProject
Project("{8BC9CEB8-8B4A-11D0-8D11-00A0C91BC942}") = "이중 연결 리스트", "이중 연결 리스트\이중 연결 리스트.vcxproj", "{3816788D-D651-456B-AF27-35889D53B07C}"
EndProject
Project("{8BC9CEB8-8B4A-11D0-8D11-00A0C91BC942}") = "환형 이중 연결 리스트", "환형 이중 연결 리스트\환형 이중 연결 리스트.vcxproj", "{D7C90879-29F2-48CE-8A63-5DF6C550A33C}"
EndProject
Project("{2150E333-8FDC-42A3-9474-1A3956D46DE8}") = "자료구조", "자료구조", "{CFEDAAEB-C367-4A09-859B-2EF45C4C356D}"
EndProject
Project("{2150E333-8FDC-42A3-9474-1A3956D46DE8}") = "리스트", "리스트", "{4604C7FD-431A-487B-AF95-F896C302B373}"
	ProjectSection(SolutionItems) = preProject
		리스트_CodeMap.dgml = 리스트_CodeMap.dgml
	EndProjectSection
EndProject
Project("{2150E333-8FDC-42A3-9474-1A3956D46DE8}") = "스택", "스택", "{DCF23014-FF79-4573-8FDA-9E9E675CEF51}"
EndProject
Project("{8BC9CEB8-8B4A-11D0-8D11-00A0C91BC942}") = "배열 스택", "배열 스택\배열 스택.vcxproj", "{EE10C0DE-0D5F-40B8-9C4F-14E884335222}"
EndProject
Project("{8BC9CEB8-8B4A-11D0-8D11-00A0C91BC942}") = "연결 리스트 스택", "연결 리스트 스택\연결 리스트 스택.vcxproj", "{21784829-4B78-4588-B97E-3C5923AE061A}"
EndProject
Global
	GlobalSection(SolutionConfigurationPlatforms) = preSolution
		Debug|x64 = Debug|x64
		Debug|x86 = Debug|x86
		Release|x64 = Release|x64
		Release|x86 = Release|x86
	EndGlobalSection
	GlobalSection(ProjectConfigurationPlatforms) = postSolution
		{AB7E5B66-3DFB-451F-B7AF-DD5FA5F8AA11}.Debug|x64.ActiveCfg = Debug|x64
		{AB7E5B66-3DFB-451F-B7AF-DD5FA5F8AA11}.Debug|x64.Build.0 = Debug|x64
		{AB7E5B66-3DFB-451F-B7AF-DD5FA5F8AA11}.Debug|x86.ActiveCfg = Debug|Win32
		{AB7E5B66-3DFB-451F-B7AF-DD5FA5F8AA11}.Debug|x86.Build.0 = Debug|Win32
		{AB7E5B66-3DFB-451F-B7AF-DD5FA5F8AA11}.Release|x64.ActiveCfg = Release|x64
		{AB7E5B66-3DFB-451F-B7AF-DD5FA5F8AA11}.Release|x64.Build.0 = Release|x64
		{AB7E5B66-3DFB-451F-B7AF-DD5FA5F8AA11}.Release|x86.ActiveCfg = Release|Win32
		{AB7E5B66-3DFB-451F-B7AF-DD5FA5F8AA11}.Release|x86.Build.0 = Release|Win32
		{3816788D-D651-456B-AF27-35889D53B07C}.Debug|x64.ActiveCfg = Debug|x64
		{3816788D-D651-456B-AF27-35889D53B07C}.Debug|x64.Build.0 = Debug|x64
		{3816788D-D651-456B-AF27-35889D53B07C}.Debug|x86.ActiveCfg = Debug|Win32
		{3816788D-D651-456B-AF27-35889D53B07C}.Debug|x86.Build.0 = Debug|Win32
		{3816788D-D651-456B-AF27-35889D53B07C}.Release|x64.ActiveCfg = Release|x64
		{3816788D-D651-456B-AF27-35889D53B07C}.Release|x64.Build.0 = Release|x64
		{3816788D-D651-456B-AF27-35889D53B07C}.Release|x86.ActiveCfg = Release|Win32
		{3816788D-D651-456B-AF27-35889D53B07C}.Release|x86.Build.0 = Release|Win32
		{D7C90879-29F2-48CE-8A63-5DF6C550A33C}.Debug|x64.ActiveCfg = Debug|x64
		{D7C90879-29F2-48CE-8A63-5DF6C550A33C}.Debug|x64.Build.0 = Debug|x64
		{D7C90879-29F2-48CE-8A63-5DF6C550A33C}.Debug|x86.ActiveCfg = Debug|Win32
		{D7C90879-29F2-48CE-8A63-5DF6C550A33C}.Debug|x86.Build.0 = Debug|Win32
		{D7C90879-29F2-48CE-8A63-5DF6C550A33C}.Release|x64.ActiveCfg = Release|x64
		{D7C90879-29F2-48CE-8A63-5DF6C550A33C}.Release|x64.Build.0 = Release|x64
		{D7C90879-29F2-48CE-8A63-5DF6C550A33C}.Release|x86.ActiveCfg = Release|Win32
		{D7C90879-29F2-48CE-8A63-5DF6C550A33C}.Release|x86.Build.0 = Release|Win32
		{EE10C0DE-0D5F-40B8-9C4F-14E884335222}.Debug|x64.ActiveCfg = Debug|x64
		{EE10C0DE-0D5F-40B8-9C4F-14E884335222}.Debug|x64.Build.0 = Debug|x64
		{EE10C0DE-0D5F-40B8-9C4F-14E884335222}.Debug|x86.ActiveCfg = Debug|Win32
		{EE10C0DE-0D5F-40B8-9C4F-14E884335222}.Debug|x86.Build.0 = Debug|Win32
		{EE10C0DE-0D5F-40B8-9C4F-14E884335222}.Release|x64.ActiveCfg = Release|x64
		{EE10C0DE-0D5F-40B8-9C4F-14E884335222}.Release|x64.Build.0 = Release|x64
		{EE10C0DE-0D5F-40B8-9C4F-14E884335222}.Release|x86.ActiveCfg = Release|Win32
		{EE10C0DE-0D5F-40B8-9C4F-14E884335222}.Release|x86.Build.0 = Release|Win32
		{21784829-4B78-4588-B97E-3C5923AE061A}.Debug|x64.ActiveCfg = Debug|x64
		{21784829-4B78-4588-B97E-3C5923AE061A}.Debug|x64.Build.0 = Debug|x64
		{21784829-4B78-4588-B97E-3C5923AE061A}.Debug|x86.ActiveCfg = Debug|Win32
		{21784829-4B78-4588-B97E-3C5923AE061A}.Debug|x86.Build.0 = Debug|Win32
		{21784829-4B78-4588-B97E-3C5923AE061A}.Release|x64.ActiveCfg = Release|x64
		{21784829-4B78-4588-B97E-3C5923AE061A}.Release|x64.Build.0 = Release|x64
		{21784829-4B78-4588-B97E-3C5923AE061A}.Release|x86.ActiveCfg = Release|Win32
		{21784829-4B78-4588-B97E-3C5923AE061A}.Release|x86.Build.0 = Release|Win32
	EndGlobalSection
	GlobalSection(SolutionProperties) = preSolution
		HideSolutionNode = FALSE
	EndGlobalSection
	GlobalSection(NestedProjects) = preSolution
		{AB7E5B66-3DFB-451F-B7AF-DD5FA5F8AA11} = {4604C7FD-431A-487B-AF95-F896C302B373}
		{3816788D-D651-456B-AF27-35889D53B07C} = {4604C7FD-431A-487B-AF95-F896C302B373}
		{D7C90879-29F2-48CE-8A63-5DF6C550A33C} = {4604C7FD-431A-487B-AF95-F896C302B373}
		{4604C7FD-431A-487B-AF95-F896C302B373} = {CFEDAAEB-C367-4A09-859B-2EF45C4C356D}
		{DCF23014-FF79-4573-8FDA-9E9E675CEF51} = {CFEDAAEB-C367-4A09-859B-2EF45C4C356D}
		{EE10C0DE-0D5F-40B8-9C4F-14E884335222} = {DCF23014-FF79-4573-8FDA-9E9E675CEF51}
		{21784829-4B78-4588-B97E-3C5923AE061A} = {DCF23014-FF79-4573-8FDA-9E9E675CEF51}
	EndGlobalSection
	GlobalSection(ExtensibilityGlobals) = postSolution
		SolutionGuid = {D3CD1F56-C927-48C3-B1A1-4D96FE0343E6}
	EndGlobalSection
EndGlobal
