
Microsoft Visual Studio Solution File, Format Version 12.00
# Visual Studio Version 17
VisualStudioVersion = 17.0.32014.148
MinimumVisualStudioVersion = 10.0.40219.1
Project("{2150E333-8FDC-42A3-9474-1A3956D46DE8}") = "자료구조", "자료구조", "{0A8B1006-11F2-432F-B686-33F6DEDD2176}"
EndProject
Project("{2150E333-8FDC-42A3-9474-1A3956D46DE8}") = "리스트", "리스트", "{EFA8E0C4-7814-4987-B296-CCA55DCE5CF5}"
	ProjectSection(SolutionItems) = preProject
		자료구조\리스트\리스트_CodeMap.dgml = 자료구조\리스트\리스트_CodeMap.dgml
	EndProjectSection
EndProject
Project("{2150E333-8FDC-42A3-9474-1A3956D46DE8}") = "스택", "스택", "{FD021423-E618-43B9-826C-3B802686056F}"
EndProject
Project("{8BC9CEB8-8B4A-11D0-8D11-00A0C91BC942}") = "단일 연결 리스트", "자료구조\리스트\단일 연결 리스트\단일 연결 리스트.vcxproj", "{AB7E5B66-3DFB-451F-B7AF-DD5FA5F8AA11}"
EndProject
Project("{8BC9CEB8-8B4A-11D0-8D11-00A0C91BC942}") = "이중 연결 리스트", "자료구조\리스트\이중 연결 리스트\이중 연결 리스트.vcxproj", "{3816788D-D651-456B-AF27-35889D53B07C}"
EndProject
Project("{8BC9CEB8-8B4A-11D0-8D11-00A0C91BC942}") = "환형 이중 연결 리스트", "자료구조\리스트\환형 이중 연결 리스트\환형 이중 연결 리스트.vcxproj", "{D7C90879-29F2-48CE-8A63-5DF6C550A33C}"
EndProject
Project("{8BC9CEB8-8B4A-11D0-8D11-00A0C91BC942}") = "배열 스택", "자료구조\스택\배열 스택\배열 스택.vcxproj", "{EE10C0DE-0D5F-40B8-9C4F-14E884335222}"
EndProject
Project("{8BC9CEB8-8B4A-11D0-8D11-00A0C91BC942}") = "연결 리스트 스택", "자료구조\스택\연결 리스트 스택\연결 리스트 스택.vcxproj", "{21784829-4B78-4588-B97E-3C5923AE061A}"
EndProject
Project("{8BC9CEB8-8B4A-11D0-8D11-00A0C91BC942}") = "스택 계산기", "자료구조\스택\스택 계산기\스택 계산기.vcxproj", "{493EEDDC-358E-4A3C-80F0-817C1FE64FE3}"
EndProject
Project("{8BC9CEB8-8B4A-11D0-8D11-00A0C91BC942}") = "스택 계산기_UnitTest", "자료구조\스택\스택 계산기\스택 계산기_UnitTest\스택 계산기_UnitTest.vcxproj", "{A5AC4168-5AC1-483B-9B5A-851267431746}"
EndProject
Global
	GlobalSection(SolutionConfigurationPlatforms) = preSolution
		Debug|x64 = Debug|x64
		Debug|x86 = Debug|x86
		Release|x64 = Release|x64
		Release|x86 = Release|x86
	EndGlobalSection
	GlobalSection(ProjectConfigurationPlatforms) = postSolution
		{AB7E5B66-3DFB-451F-B7AF-DD5FA5F8AA11}.Debug|x64.ActiveCfg = Debug|x64
		{AB7E5B66-3DFB-451F-B7AF-DD5FA5F8AA11}.Debug|x64.Build.0 = Debug|x64
		{AB7E5B66-3DFB-451F-B7AF-DD5FA5F8AA11}.Debug|x86.ActiveCfg = Debug|Win32
		{AB7E5B66-3DFB-451F-B7AF-DD5FA5F8AA11}.Debug|x86.Build.0 = Debug|Win32
		{AB7E5B66-3DFB-451F-B7AF-DD5FA5F8AA11}.Release|x64.ActiveCfg = Release|x64
		{AB7E5B66-3DFB-451F-B7AF-DD5FA5F8AA11}.Release|x64.Build.0 = Release|x64
		{AB7E5B66-3DFB-451F-B7AF-DD5FA5F8AA11}.Release|x86.ActiveCfg = Release|Win32
		{AB7E5B66-3DFB-451F-B7AF-DD5FA5F8AA11}.Release|x86.Build.0 = Release|Win32
		{3816788D-D651-456B-AF27-35889D53B07C}.Debug|x64.ActiveCfg = Debug|x64
		{3816788D-D651-456B-AF27-35889D53B07C}.Debug|x64.Build.0 = Debug|x64
		{3816788D-D651-456B-AF27-35889D53B07C}.Debug|x86.ActiveCfg = Debug|Win32
		{3816788D-D651-456B-AF27-35889D53B07C}.Debug|x86.Build.0 = Debug|Win32
		{3816788D-D651-456B-AF27-35889D53B07C}.Release|x64.ActiveCfg = Release|x64
		{3816788D-D651-456B-AF27-35889D53B07C}.Release|x64.Build.0 = Release|x64
		{3816788D-D651-456B-AF27-35889D53B07C}.Release|x86.ActiveCfg = Release|Win32
		{3816788D-D651-456B-AF27-35889D53B07C}.Release|x86.Build.0 = Release|Win32
		{D7C90879-29F2-48CE-8A63-5DF6C550A33C}.Debug|x64.ActiveCfg = Debug|x64
		{D7C90879-29F2-48CE-8A63-5DF6C550A33C}.Debug|x64.Build.0 = Debug|x64
		{D7C90879-29F2-48CE-8A63-5DF6C550A33C}.Debug|x86.ActiveCfg = Debug|Win32
		{D7C90879-29F2-48CE-8A63-5DF6C550A33C}.Debug|x86.Build.0 = Debug|Win32
		{D7C90879-29F2-48CE-8A63-5DF6C550A33C}.Release|x64.ActiveCfg = Release|x64
		{D7C90879-29F2-48CE-8A63-5DF6C550A33C}.Release|x64.Build.0 = Release|x64
		{D7C90879-29F2-48CE-8A63-5DF6C550A33C}.Release|x86.ActiveCfg = Release|Win32
		{D7C90879-29F2-48CE-8A63-5DF6C550A33C}.Release|x86.Build.0 = Release|Win32
		{EE10C0DE-0D5F-40B8-9C4F-14E884335222}.Debug|x64.ActiveCfg = Debug|x64
		{EE10C0DE-0D5F-40B8-9C4F-14E884335222}.Debug|x64.Build.0 = Debug|x64
		{EE10C0DE-0D5F-40B8-9C4F-14E884335222}.Debug|x86.ActiveCfg = Debug|Win32
		{EE10C0DE-0D5F-40B8-9C4F-14E884335222}.Debug|x86.Build.0 = Debug|Win32
		{EE10C0DE-0D5F-40B8-9C4F-14E884335222}.Release|x64.ActiveCfg = Release|x64
		{EE10C0DE-0D5F-40B8-9C4F-14E884335222}.Release|x64.Build.0 = Release|x64
		{EE10C0DE-0D5F-40B8-9C4F-14E884335222}.Release|x86.ActiveCfg = Release|Win32
		{EE10C0DE-0D5F-40B8-9C4F-14E884335222}.Release|x86.Build.0 = Release|Win32
		{21784829-4B78-4588-B97E-3C5923AE061A}.Debug|x64.ActiveCfg = Debug|x64
		{21784829-4B78-4588-B97E-3C5923AE061A}.Debug|x64.Build.0 = Debug|x64
		{21784829-4B78-4588-B97E-3C5923AE061A}.Debug|x86.ActiveCfg = Debug|Win32
		{21784829-4B78-4588-B97E-3C5923AE061A}.Debug|x86.Build.0 = Debug|Win32
		{21784829-4B78-4588-B97E-3C5923AE061A}.Release|x64.ActiveCfg = Release|x64
		{21784829-4B78-4588-B97E-3C5923AE061A}.Release|x64.Build.0 = Release|x64
		{21784829-4B78-4588-B97E-3C5923AE061A}.Release|x86.ActiveCfg = Release|Win32
		{21784829-4B78-4588-B97E-3C5923AE061A}.Release|x86.Build.0 = Release|Win32
		{493EEDDC-358E-4A3C-80F0-817C1FE64FE3}.Debug|x64.ActiveCfg = Debug|x64
		{493EEDDC-358E-4A3C-80F0-817C1FE64FE3}.Debug|x64.Build.0 = Debug|x64
		{493EEDDC-358E-4A3C-80F0-817C1FE64FE3}.Debug|x86.ActiveCfg = Debug|Win32
		{493EEDDC-358E-4A3C-80F0-817C1FE64FE3}.Debug|x86.Build.0 = Debug|Win32
		{493EEDDC-358E-4A3C-80F0-817C1FE64FE3}.Release|x64.ActiveCfg = Release|x64
		{493EEDDC-358E-4A3C-80F0-817C1FE64FE3}.Release|x64.Build.0 = Release|x64
		{493EEDDC-358E-4A3C-80F0-817C1FE64FE3}.Release|x86.ActiveCfg = Release|Win32
		{493EEDDC-358E-4A3C-80F0-817C1FE64FE3}.Release|x86.Build.0 = Release|Win32
		{A5AC4168-5AC1-483B-9B5A-851267431746}.Debug|x64.ActiveCfg = Debug|x64
		{A5AC4168-5AC1-483B-9B5A-851267431746}.Debug|x64.Build.0 = Debug|x64
		{A5AC4168-5AC1-483B-9B5A-851267431746}.Debug|x86.ActiveCfg = Debug|Win32
		{A5AC4168-5AC1-483B-9B5A-851267431746}.Debug|x86.Build.0 = Debug|Win32
		{A5AC4168-5AC1-483B-9B5A-851267431746}.Release|x64.ActiveCfg = Release|x64
		{A5AC4168-5AC1-483B-9B5A-851267431746}.Release|x64.Build.0 = Release|x64
		{A5AC4168-5AC1-483B-9B5A-851267431746}.Release|x86.ActiveCfg = Release|Win32
		{A5AC4168-5AC1-483B-9B5A-851267431746}.Release|x86.Build.0 = Release|Win32
	EndGlobalSection
	GlobalSection(SolutionProperties) = preSolution
		HideSolutionNode = FALSE
	EndGlobalSection
	GlobalSection(NestedProjects) = preSolution
		{EFA8E0C4-7814-4987-B296-CCA55DCE5CF5} = {0A8B1006-11F2-432F-B686-33F6DEDD2176}
		{FD021423-E618-43B9-826C-3B802686056F} = {0A8B1006-11F2-432F-B686-33F6DEDD2176}
		{AB7E5B66-3DFB-451F-B7AF-DD5FA5F8AA11} = {EFA8E0C4-7814-4987-B296-CCA55DCE5CF5}
		{3816788D-D651-456B-AF27-35889D53B07C} = {EFA8E0C4-7814-4987-B296-CCA55DCE5CF5}
		{D7C90879-29F2-48CE-8A63-5DF6C550A33C} = {EFA8E0C4-7814-4987-B296-CCA55DCE5CF5}
		{EE10C0DE-0D5F-40B8-9C4F-14E884335222} = {FD021423-E618-43B9-826C-3B802686056F}
		{21784829-4B78-4588-B97E-3C5923AE061A} = {FD021423-E618-43B9-826C-3B802686056F}
		{493EEDDC-358E-4A3C-80F0-817C1FE64FE3} = {FD021423-E618-43B9-826C-3B802686056F}
		{A5AC4168-5AC1-483B-9B5A-851267431746} = {FD021423-E618-43B9-826C-3B802686056F}
	EndGlobalSection
	GlobalSection(ExtensibilityGlobals) = postSolution
		SolutionGuid = {D3CD1F56-C927-48C3-B1A1-4D96FE0343E6}
	EndGlobalSection
EndGlobal
